
Microsoft Visual Studio Solution File, Format Version 12.00
# Visual Studio Version 17
VisualStudioVersion = 17.4.33205.214
MinimumVisualStudioVersion = 10.0.40219.1
Project("{8BC9CEB8-8B4A-11D0-8D11-00A0C91BC942}") = "OpenGL3DRendererTutorial", "OpenGL3DRendererTutorial\OpenGL3DRendererTutorial.vcxproj", "{6A69B252-AFD4-4546-9FD8-37E6E65840BC}"
EndProject
Global
	GlobalSection(SolutionConfigurationPlatforms) = preSolution
		Debug|x64 = Debug|x64
		Debug|x86 = Debug|x86
		Release|x64 = Release|x64
		Release|x86 = Release|x86
	EndGlobalSection
	GlobalSection(ProjectConfigurationPlatforms) = postSolution
		{6A69B252-AFD4-4546-9FD8-37E6E65840BC}.Debug|x64.ActiveCfg = Debug|x64
		{6A69B252-AFD4-4546-9FD8-37E6E65840BC}.Debug|x64.Build.0 = Debug|x64
		{6A69B252-AFD4-4546-9FD8-37E6E65840BC}.Debug|x86.ActiveCfg = Debug|Win32
		{6A69B252-AFD4-4546-9FD8-37E6E65840BC}.Debug|x86.Build.0 = Debug|Win32
		{6A69B252-AFD4-4546-9FD8-37E6E65840BC}.Release|x64.ActiveCfg = Release|x64
		{6A69B252-AFD4-4546-9FD8-37E6E65840BC}.Release|x64.Build.0 = Release|x64
		{6A69B252-AFD4-4546-9FD8-37E6E65840BC}.Release|x86.ActiveCfg = Release|Win32
		{6A69B252-AFD4-4546-9FD8-37E6E65840BC}.Release|x86.Build.0 = Release|Win32
	EndGlobalSection
	GlobalSection(SolutionProperties) = preSolution
		HideSolutionNode = FALSE
	EndGlobalSection
	GlobalSection(ExtensibilityGlobals) = postSolution
		SolutionGuid = {C6D0477C-687C-413F-9B0A-51A0C1B20412}
	EndGlobalSection
EndGlobal
